
Microsoft Visual Studio Solution File, Format Version 12.00
# Visual Studio Version 17
VisualStudioVersion = 17.14.36717.8 d17.14
MinimumVisualStudioVersion = 10.0.40219.1
Project("{8BC9CEB8-8B4A-11D0-8D11-00A0C91BC942}") = "MARYAM DS", "MARYAM DS.vcxproj", "{834C9C50-ACE3-4B84-A7CA-2946CE523A0D}"
EndProject
Global
	GlobalSection(SolutionConfigurationPlatforms) = preSolution
		Debug|x64 = Debug|x64
		Debug|x86 = Debug|x86
		Release|x64 = Release|x64
		Release|x86 = Release|x86
	EndGlobalSection
	GlobalSection(ProjectConfigurationPlatforms) = postSolution
		{834C9C50-ACE3-4B84-A7CA-2946CE523A0D}.Debug|x64.ActiveCfg = Debug|x64
		{834C9C50-ACE3-4B84-A7CA-2946CE523A0D}.Debug|x64.Build.0 = Debug|x64
		{834C9C50-ACE3-4B84-A7CA-2946CE523A0D}.Debug|x86.ActiveCfg = Debug|Win32
		{834C9C50-ACE3-4B84-A7CA-2946CE523A0D}.Debug|x86.Build.0 = Debug|Win32
		{834C9C50-ACE3-4B84-A7CA-2946CE523A0D}.Release|x64.ActiveCfg = Release|x64
		{834C9C50-ACE3-4B84-A7CA-2946CE523A0D}.Release|x64.Build.0 = Release|x64
		{834C9C50-ACE3-4B84-A7CA-2946CE523A0D}.Release|x86.ActiveCfg = Release|Win32
		{834C9C50-ACE3-4B84-A7CA-2946CE523A0D}.Release|x86.Build.0 = Release|Win32
	EndGlobalSection
	GlobalSection(SolutionProperties) = preSolution
		HideSolutionNode = FALSE
	EndGlobalSection
	GlobalSection(ExtensibilityGlobals) = postSolution
		SolutionGuid = {2C24C546-3B89-402D-A47A-C7A3E0FCDA64}
	EndGlobalSection
EndGlobal
